
Microsoft Visual Studio Solution File, Format Version 12.00
# Visual Studio Version 17
VisualStudioVersion = 17.5.33530.505
MinimumVisualStudioVersion = 10.0.40219.1
Project("{FAE04EC0-301F-11D3-BF4B-00C04F79EFBC}") = "Library", "Library.csproj", "{494A0B8A-1ACE-40CC-8A37-EBDC6568884F}"
EndProject
Project("{FAE04EC0-301F-11D3-BF4B-00C04F79EFBC}") = "Library1", "..\Library1\Library1.csproj", "{A1421B96-235C-4D99-B69A-4FEF893BBFBB}"
EndProject
Project("{FAE04EC0-301F-11D3-BF4B-00C04F79EFBC}") = "WpfCustomControlLibrary1", "..\WpfCustomControlLibrary1\WpfCustomControlLibrary1.csproj", "{1D5D1E59-0E87-4F9B-AB15-3CD5A1A3EDBA}"
EndProject
Global
	GlobalSection(SolutionConfigurationPlatforms) = preSolution
		Debug|Any CPU = Debug|Any CPU
		Release|Any CPU = Release|Any CPU
	EndGlobalSection
	GlobalSection(ProjectConfigurationPlatforms) = postSolution
		{494A0B8A-1ACE-40CC-8A37-EBDC6568884F}.Debug|Any CPU.ActiveCfg = Debug|Any CPU
		{494A0B8A-1ACE-40CC-8A37-EBDC6568884F}.Debug|Any CPU.Build.0 = Debug|Any CPU
		{494A0B8A-1ACE-40CC-8A37-EBDC6568884F}.Release|Any CPU.ActiveCfg = Release|Any CPU
		{494A0B8A-1ACE-40CC-8A37-EBDC6568884F}.Release|Any CPU.Build.0 = Release|Any CPU
		{A1421B96-235C-4D99-B69A-4FEF893BBFBB}.Debug|Any CPU.ActiveCfg = Debug|Any CPU
		{A1421B96-235C-4D99-B69A-4FEF893BBFBB}.Debug|Any CPU.Build.0 = Debug|Any CPU
		{A1421B96-235C-4D99-B69A-4FEF893BBFBB}.Release|Any CPU.ActiveCfg = Release|Any CPU
		{A1421B96-235C-4D99-B69A-4FEF893BBFBB}.Release|Any CPU.Build.0 = Release|Any CPU
		{1D5D1E59-0E87-4F9B-AB15-3CD5A1A3EDBA}.Debug|Any CPU.ActiveCfg = Debug|Any CPU
		{1D5D1E59-0E87-4F9B-AB15-3CD5A1A3EDBA}.Debug|Any CPU.Build.0 = Debug|Any CPU
		{1D5D1E59-0E87-4F9B-AB15-3CD5A1A3EDBA}.Release|Any CPU.ActiveCfg = Release|Any CPU
		{1D5D1E59-0E87-4F9B-AB15-3CD5A1A3EDBA}.Release|Any CPU.Build.0 = Release|Any CPU
	EndGlobalSection
	GlobalSection(SolutionProperties) = preSolution
		HideSolutionNode = FALSE
	EndGlobalSection
	GlobalSection(ExtensibilityGlobals) = postSolution
		SolutionGuid = {1398D554-463C-4831-B5B7-A7B975FA26E5}
	EndGlobalSection
EndGlobal
